
Microsoft Visual Studio Solution File, Format Version 12.00
# Visual Studio Version 16
VisualStudioVersion = 16.0.30503.244
MinimumVisualStudioVersion = 10.0.40219.1
Project("{FAE04EC0-301F-11D3-BF4B-00C04F79EFBC}") = "DynamoBuild", "DynamoBuild\DynamoBuild.csproj", "{D3D61E6A-5D28-4445-854C-187339EA7D05}"
EndProject
Global
	GlobalSection(SolutionConfigurationPlatforms) = preSolution
		Debug|Any CPU = Debug|Any CPU
		Release|Any CPU = Release|Any CPU
	EndGlobalSection
	GlobalSection(ProjectConfigurationPlatforms) = postSolution
		{D3D61E6A-5D28-4445-854C-187339EA7D05}.Debug|Any CPU.ActiveCfg = Debug|Any CPU
		{D3D61E6A-5D28-4445-854C-187339EA7D05}.Debug|Any CPU.Build.0 = Debug|Any CPU
		{D3D61E6A-5D28-4445-854C-187339EA7D05}.Release|Any CPU.ActiveCfg = Release|Any CPU
		{D3D61E6A-5D28-4445-854C-187339EA7D05}.Release|Any CPU.Build.0 = Release|Any CPU
	EndGlobalSection
	GlobalSection(SolutionProperties) = preSolution
		HideSolutionNode = FALSE
	EndGlobalSection
	GlobalSection(ExtensibilityGlobals) = postSolution
		SolutionGuid = {0B32E78A-D568-4B96-A561-B5A0E56DE357}
	EndGlobalSection
EndGlobal
